
Microsoft Visual Studio Solution File, Format Version 12.00
Project("{2150E333-8FDC-42A3-9474-1A3956D46DE8}") = "user-service", "user-service", "{B1FEFE42-5138-4BFE-9A4B-92A9B4F776B1}"
EndProject
Project("{FAE04EC0-301F-11D3-BF4B-00C04F79EFBC}") = "MyEcommerce.User.Domain", "src\MyEcommerce.User.Domain\MyEcommerce.User.Domain.csproj", "{3626B621-AC94-46F5-962E-307E50501251}"
EndProject
Project("{FAE04EC0-301F-11D3-BF4B-00C04F79EFBC}") = "MyEcommerce.User.Application", "src\MyEcommerce.User.Application\MyEcommerce.User.Application.csproj", "{D7D0A519-E1E7-42F8-9D85-4548542C2890}"
EndProject
Project("{FAE04EC0-301F-11D3-BF4B-00C04F79EFBC}") = "MyEcommerce.User.Infrastructure", "src\MyEcommerce.User.Infrastructure\MyEcommerce.User.Infrastructure.csproj", "{7AEB5209-0AFE-43BB-B3BB-D4E1358BBECA}"
EndProject
Project("{FAE04EC0-301F-11D3-BF4B-00C04F79EFBC}") = "MyEcommerce.User.Persistence", "src\MyEcommerce.User.Persistence\MyEcommerce.User.Persistence.csproj", "{4066A146-B944-4690-A8B9-66A14055AF1F}"
EndProject
Project("{FAE04EC0-301F-11D3-BF4B-00C04F79EFBC}") = "MyEcommerce.User.API", "src\MyEcommerce.User.API\MyEcommerce.User.API.csproj", "{3BDA093F-4F23-42FA-BDA2-FD5ADEA6C99A}"
EndProject
Project("{2150E333-8FDC-42A3-9474-1A3956D46DE8}") = "Core", "Core", "{4A548964-AC9D-4D35-9E6A-D32E45E230AC}"
EndProject
Project("{2150E333-8FDC-42A3-9474-1A3956D46DE8}") = "Infrastructure", "Infrastructure", "{36658AEA-5677-419D-B211-B7F494454BA1}"
EndProject
Project("{2150E333-8FDC-42A3-9474-1A3956D46DE8}") = "product-service", "product-service", "{179A7701-FFD1-4A66-8765-4D02B7B003E6}"
EndProject
Project("{2150E333-8FDC-42A3-9474-1A3956D46DE8}") = "order-service", "order-service", "{9C1543B7-7489-493F-879F-4D9AA813E70E}"
EndProject
Project("{2150E333-8FDC-42A3-9474-1A3956D46DE8}") = "Core", "Core", "{93E3DAD4-22B3-477A-AE73-2476F804310D}"
EndProject
Project("{2150E333-8FDC-42A3-9474-1A3956D46DE8}") = "Infrastructure", "Infrastructure", "{9388A98E-45EC-4E5E-A1FA-239A8F617F83}"
EndProject
Project("{FAE04EC0-301F-11D3-BF4B-00C04F79EFBC}") = "MyEcommerce.Product.Domain", "src\MyEcommerce.Product.Domain\MyEcommerce.Product.Domain.csproj", "{67FC1143-37A0-41D4-A4B2-D34688153BCF}"
EndProject
Project("{FAE04EC0-301F-11D3-BF4B-00C04F79EFBC}") = "MyEcommerce.Product.Application", "src\MyEcommerce.Product.Application\MyEcommerce.Product.Application.csproj", "{4C7D1ABE-2B1F-49F3-A9A8-C8964AE22997}"
EndProject
Project("{FAE04EC0-301F-11D3-BF4B-00C04F79EFBC}") = "MyEcommerce.Product.Infrastructure", "src\MyEcommerce.Product.Infrastructure\MyEcommerce.Product.Infrastructure.csproj", "{DDEB7159-EF76-4D2D-AC8F-0F7BA7D8EFD5}"
EndProject
Project("{FAE04EC0-301F-11D3-BF4B-00C04F79EFBC}") = "MyEcommerce.Product.Persistence", "src\MyEcommerce.Product.Persistence\MyEcommerce.Product.Persistence.csproj", "{4335CDF8-10B6-4CDB-88A1-EC2BD663AA4B}"
EndProject
Project("{2150E333-8FDC-42A3-9474-1A3956D46DE8}") = "Presentation", "Presentation", "{07AFA619-5AD9-4B6A-81A6-B44BF976EA62}"
EndProject
Project("{2150E333-8FDC-42A3-9474-1A3956D46DE8}") = "Presentation", "Presentation", "{9C1290B6-D6C2-42DC-8BE5-37C3B162A9FB}"
EndProject
Project("{FAE04EC0-301F-11D3-BF4B-00C04F79EFBC}") = "MyEcommerce.Product.API", "src\MyEcommerce.Product.API\MyEcommerce.Product.API.csproj", "{99D2CB10-6B0A-43D8-94FD-0D616D316C15}"
EndProject
Project("{2150E333-8FDC-42A3-9474-1A3956D46DE8}") = "Core", "Core", "{621E6C9D-EFA2-475D-AD61-5851C1498418}"
EndProject
Project("{FAE04EC0-301F-11D3-BF4B-00C04F79EFBC}") = "MyEcommerce.SharedLibrary", "src\MyEcommerce.SharedLibrary\MyEcommerce.SharedLibrary.csproj", "{C3C77B94-B004-44E6-B407-74AF8ACB05FC}"
EndProject
Project("{FAE04EC0-301F-11D3-BF4B-00C04F79EFBC}") = "MyEcommerce.Cache", "src\MyEcommerce.Cache\MyEcommerce.Cache.csproj", "{1E47858F-1D50-4BA7-86A2-6B37D16FCF42}"
EndProject
Global
	GlobalSection(SolutionConfigurationPlatforms) = preSolution
		Debug|Any CPU = Debug|Any CPU
		Release|Any CPU = Release|Any CPU
	EndGlobalSection
	GlobalSection(NestedProjects) = preSolution
		{4A548964-AC9D-4D35-9E6A-D32E45E230AC} = {B1FEFE42-5138-4BFE-9A4B-92A9B4F776B1}
		{D7D0A519-E1E7-42F8-9D85-4548542C2890} = {4A548964-AC9D-4D35-9E6A-D32E45E230AC}
		{3626B621-AC94-46F5-962E-307E50501251} = {4A548964-AC9D-4D35-9E6A-D32E45E230AC}
		{36658AEA-5677-419D-B211-B7F494454BA1} = {B1FEFE42-5138-4BFE-9A4B-92A9B4F776B1}
		{7AEB5209-0AFE-43BB-B3BB-D4E1358BBECA} = {36658AEA-5677-419D-B211-B7F494454BA1}
		{4066A146-B944-4690-A8B9-66A14055AF1F} = {36658AEA-5677-419D-B211-B7F494454BA1}
		{93E3DAD4-22B3-477A-AE73-2476F804310D} = {179A7701-FFD1-4A66-8765-4D02B7B003E6}
		{9388A98E-45EC-4E5E-A1FA-239A8F617F83} = {179A7701-FFD1-4A66-8765-4D02B7B003E6}
		{67FC1143-37A0-41D4-A4B2-D34688153BCF} = {93E3DAD4-22B3-477A-AE73-2476F804310D}
		{4C7D1ABE-2B1F-49F3-A9A8-C8964AE22997} = {93E3DAD4-22B3-477A-AE73-2476F804310D}
		{DDEB7159-EF76-4D2D-AC8F-0F7BA7D8EFD5} = {9388A98E-45EC-4E5E-A1FA-239A8F617F83}
		{4335CDF8-10B6-4CDB-88A1-EC2BD663AA4B} = {9388A98E-45EC-4E5E-A1FA-239A8F617F83}
		{07AFA619-5AD9-4B6A-81A6-B44BF976EA62} = {B1FEFE42-5138-4BFE-9A4B-92A9B4F776B1}
		{3BDA093F-4F23-42FA-BDA2-FD5ADEA6C99A} = {07AFA619-5AD9-4B6A-81A6-B44BF976EA62}
		{9C1290B6-D6C2-42DC-8BE5-37C3B162A9FB} = {179A7701-FFD1-4A66-8765-4D02B7B003E6}
		{99D2CB10-6B0A-43D8-94FD-0D616D316C15} = {9C1290B6-D6C2-42DC-8BE5-37C3B162A9FB}
		{C3C77B94-B004-44E6-B407-74AF8ACB05FC} = {621E6C9D-EFA2-475D-AD61-5851C1498418}
		{1E47858F-1D50-4BA7-86A2-6B37D16FCF42} = {621E6C9D-EFA2-475D-AD61-5851C1498418}
	EndGlobalSection
	GlobalSection(ProjectConfigurationPlatforms) = postSolution
		{3626B621-AC94-46F5-962E-307E50501251}.Debug|Any CPU.ActiveCfg = Debug|Any CPU
		{3626B621-AC94-46F5-962E-307E50501251}.Debug|Any CPU.Build.0 = Debug|Any CPU
		{3626B621-AC94-46F5-962E-307E50501251}.Release|Any CPU.ActiveCfg = Release|Any CPU
		{3626B621-AC94-46F5-962E-307E50501251}.Release|Any CPU.Build.0 = Release|Any CPU
		{D7D0A519-E1E7-42F8-9D85-4548542C2890}.Debug|Any CPU.ActiveCfg = Debug|Any CPU
		{D7D0A519-E1E7-42F8-9D85-4548542C2890}.Debug|Any CPU.Build.0 = Debug|Any CPU
		{D7D0A519-E1E7-42F8-9D85-4548542C2890}.Release|Any CPU.ActiveCfg = Release|Any CPU
		{D7D0A519-E1E7-42F8-9D85-4548542C2890}.Release|Any CPU.Build.0 = Release|Any CPU
		{7AEB5209-0AFE-43BB-B3BB-D4E1358BBECA}.Debug|Any CPU.ActiveCfg = Debug|Any CPU
		{7AEB5209-0AFE-43BB-B3BB-D4E1358BBECA}.Debug|Any CPU.Build.0 = Debug|Any CPU
		{7AEB5209-0AFE-43BB-B3BB-D4E1358BBECA}.Release|Any CPU.ActiveCfg = Release|Any CPU
		{7AEB5209-0AFE-43BB-B3BB-D4E1358BBECA}.Release|Any CPU.Build.0 = Release|Any CPU
		{4066A146-B944-4690-A8B9-66A14055AF1F}.Debug|Any CPU.ActiveCfg = Debug|Any CPU
		{4066A146-B944-4690-A8B9-66A14055AF1F}.Debug|Any CPU.Build.0 = Debug|Any CPU
		{4066A146-B944-4690-A8B9-66A14055AF1F}.Release|Any CPU.ActiveCfg = Release|Any CPU
		{4066A146-B944-4690-A8B9-66A14055AF1F}.Release|Any CPU.Build.0 = Release|Any CPU
		{3BDA093F-4F23-42FA-BDA2-FD5ADEA6C99A}.Debug|Any CPU.ActiveCfg = Debug|Any CPU
		{3BDA093F-4F23-42FA-BDA2-FD5ADEA6C99A}.Debug|Any CPU.Build.0 = Debug|Any CPU
		{3BDA093F-4F23-42FA-BDA2-FD5ADEA6C99A}.Release|Any CPU.ActiveCfg = Release|Any CPU
		{3BDA093F-4F23-42FA-BDA2-FD5ADEA6C99A}.Release|Any CPU.Build.0 = Release|Any CPU
		{67FC1143-37A0-41D4-A4B2-D34688153BCF}.Debug|Any CPU.ActiveCfg = Debug|Any CPU
		{67FC1143-37A0-41D4-A4B2-D34688153BCF}.Debug|Any CPU.Build.0 = Debug|Any CPU
		{67FC1143-37A0-41D4-A4B2-D34688153BCF}.Release|Any CPU.ActiveCfg = Release|Any CPU
		{67FC1143-37A0-41D4-A4B2-D34688153BCF}.Release|Any CPU.Build.0 = Release|Any CPU
		{4C7D1ABE-2B1F-49F3-A9A8-C8964AE22997}.Debug|Any CPU.ActiveCfg = Debug|Any CPU
		{4C7D1ABE-2B1F-49F3-A9A8-C8964AE22997}.Debug|Any CPU.Build.0 = Debug|Any CPU
		{4C7D1ABE-2B1F-49F3-A9A8-C8964AE22997}.Release|Any CPU.ActiveCfg = Release|Any CPU
		{4C7D1ABE-2B1F-49F3-A9A8-C8964AE22997}.Release|Any CPU.Build.0 = Release|Any CPU
		{DDEB7159-EF76-4D2D-AC8F-0F7BA7D8EFD5}.Debug|Any CPU.ActiveCfg = Debug|Any CPU
		{DDEB7159-EF76-4D2D-AC8F-0F7BA7D8EFD5}.Debug|Any CPU.Build.0 = Debug|Any CPU
		{DDEB7159-EF76-4D2D-AC8F-0F7BA7D8EFD5}.Release|Any CPU.ActiveCfg = Release|Any CPU
		{DDEB7159-EF76-4D2D-AC8F-0F7BA7D8EFD5}.Release|Any CPU.Build.0 = Release|Any CPU
		{4335CDF8-10B6-4CDB-88A1-EC2BD663AA4B}.Debug|Any CPU.ActiveCfg = Debug|Any CPU
		{4335CDF8-10B6-4CDB-88A1-EC2BD663AA4B}.Debug|Any CPU.Build.0 = Debug|Any CPU
		{4335CDF8-10B6-4CDB-88A1-EC2BD663AA4B}.Release|Any CPU.ActiveCfg = Release|Any CPU
		{4335CDF8-10B6-4CDB-88A1-EC2BD663AA4B}.Release|Any CPU.Build.0 = Release|Any CPU
		{99D2CB10-6B0A-43D8-94FD-0D616D316C15}.Debug|Any CPU.ActiveCfg = Debug|Any CPU
		{99D2CB10-6B0A-43D8-94FD-0D616D316C15}.Debug|Any CPU.Build.0 = Debug|Any CPU
		{99D2CB10-6B0A-43D8-94FD-0D616D316C15}.Release|Any CPU.ActiveCfg = Release|Any CPU
		{99D2CB10-6B0A-43D8-94FD-0D616D316C15}.Release|Any CPU.Build.0 = Release|Any CPU
		{C3C77B94-B004-44E6-B407-74AF8ACB05FC}.Debug|Any CPU.ActiveCfg = Debug|Any CPU
		{C3C77B94-B004-44E6-B407-74AF8ACB05FC}.Debug|Any CPU.Build.0 = Debug|Any CPU
		{C3C77B94-B004-44E6-B407-74AF8ACB05FC}.Release|Any CPU.ActiveCfg = Release|Any CPU
		{C3C77B94-B004-44E6-B407-74AF8ACB05FC}.Release|Any CPU.Build.0 = Release|Any CPU
		{1E47858F-1D50-4BA7-86A2-6B37D16FCF42}.Debug|Any CPU.ActiveCfg = Debug|Any CPU
		{1E47858F-1D50-4BA7-86A2-6B37D16FCF42}.Debug|Any CPU.Build.0 = Debug|Any CPU
		{1E47858F-1D50-4BA7-86A2-6B37D16FCF42}.Release|Any CPU.ActiveCfg = Release|Any CPU
		{1E47858F-1D50-4BA7-86A2-6B37D16FCF42}.Release|Any CPU.Build.0 = Release|Any CPU
	EndGlobalSection
EndGlobal
